
Microsoft Visual Studio Solution File, Format Version 12.00
# Visual Studio 15
VisualStudioVersion = 15.0.27703.2018
MinimumVisualStudioVersion = 10.0.40219.1
Project("{8BC9CEB8-8B4A-11D0-8D11-00A0C91BC942}") = "ZhanghuImage", "ZhanghuImage\ZhanghuImage.vcxproj", "{69D23611-47AD-419C-8246-3BE7951AFC28}"
EndProject
Global
	GlobalSection(SolutionConfigurationPlatforms) = preSolution
		Debug|x64 = Debug|x64
		Debug|x86 = Debug|x86
		Release|x64 = Release|x64
		Release|x86 = Release|x86
	EndGlobalSection
	GlobalSection(ProjectConfigurationPlatforms) = postSolution
		{69D23611-47AD-419C-8246-3BE7951AFC28}.Debug|x64.ActiveCfg = Debug|x64
		{69D23611-47AD-419C-8246-3BE7951AFC28}.Debug|x64.Build.0 = Debug|x64
		{69D23611-47AD-419C-8246-3BE7951AFC28}.Debug|x86.ActiveCfg = Debug|Win32
		{69D23611-47AD-419C-8246-3BE7951AFC28}.Debug|x86.Build.0 = Debug|Win32
		{69D23611-47AD-419C-8246-3BE7951AFC28}.Release|x64.ActiveCfg = Release|x64
		{69D23611-47AD-419C-8246-3BE7951AFC28}.Release|x64.Build.0 = Release|x64
		{69D23611-47AD-419C-8246-3BE7951AFC28}.Release|x86.ActiveCfg = Release|Win32
		{69D23611-47AD-419C-8246-3BE7951AFC28}.Release|x86.Build.0 = Release|Win32
	EndGlobalSection
	GlobalSection(SolutionProperties) = preSolution
		HideSolutionNode = FALSE
	EndGlobalSection
	GlobalSection(ExtensibilityGlobals) = postSolution
		SolutionGuid = {4282884C-8F41-430C-B67D-593760488ECF}
	EndGlobalSection
EndGlobal
